
Microsoft Visual Studio Solution File, Format Version 12.00
# Visual Studio 15
VisualStudioVersion = 15.0.26730.12
MinimumVisualStudioVersion = 10.0.40219.1
Project("{FAE04EC0-301F-11D3-BF4B-00C04F79EFBC}") = "NewsSite", "NewsSite\NewsSite.csproj", "{EA4CC193-30B9-48AA-812E-37D7186223CF}"
EndProject
Global
	GlobalSection(SolutionConfigurationPlatforms) = preSolution
		Debug|Any CPU = Debug|Any CPU
		Release|Any CPU = Release|Any CPU
	EndGlobalSection
	GlobalSection(ProjectConfigurationPlatforms) = postSolution
		{EA4CC193-30B9-48AA-812E-37D7186223CF}.Debug|Any CPU.ActiveCfg = Debug|Any CPU
		{EA4CC193-30B9-48AA-812E-37D7186223CF}.Debug|Any CPU.Build.0 = Debug|Any CPU
		{EA4CC193-30B9-48AA-812E-37D7186223CF}.Release|Any CPU.ActiveCfg = Release|Any CPU
		{EA4CC193-30B9-48AA-812E-37D7186223CF}.Release|Any CPU.Build.0 = Release|Any CPU
	EndGlobalSection
	GlobalSection(SolutionProperties) = preSolution
		HideSolutionNode = FALSE
	EndGlobalSection
	GlobalSection(ExtensibilityGlobals) = postSolution
		SolutionGuid = {16F74743-C23E-4F18-86FF-8528E1641F67}
	EndGlobalSection
EndGlobal
